{
  "name": "portfolio",
  "version": "1.0.0",
  "lockfileVersion": 1,
  "requires": true,
  "dependencies": {
    "@dogstudio/highway": {
      "version": "2.1.3",
      "resolved": "https://registry.npmjs.org/@dogstudio/highway/-/highway-2.1.3.tgz",
      "integrity": "sha512-yf2vhsyd7ew0h6tjrCZd0fMYBYPpPNR1Dy0it0UkvWiYq/ZIziAgtUlqrar6TlElb5BuwIus0H4lrETZqA1fHg==",
      "requires": {
        "tiny-emitter": "^2.1.0"
      }
    },
    "gsap": {
      "version": "3.0.1",
      "resolved": "https://registry.npmjs.org/gsap/-/gsap-3.0.1.tgz",
      "integrity": "sha512-9nzEBF7Ss9Ogyw6oEOXZxxVYH8WNRA/nHmIp3DrPOTKmlLxX9MN2ovSoH9TApA+rucBgp9veCedujp5oSQRvZw=="
    },
    "jquery": {
      "version": "3.4.1",
      "resolved": "https://registry.npmjs.org/jquery/-/jquery-3.4.1.tgz",
      "integrity": "sha512-36+AdBzCL+y6qjw5Tx7HgzeGCzC81MDDgaUP8ld2zhx58HdqXGoBd+tHdrBMiyjGQs0Hxs/MLZTu/eHNJJuWPw=="
    },
    "popper.js": {
      "version": "1.16.0",
      "resolved": "https://registry.npmjs.org/popper.js/-/popper.js-1.16.0.tgz",
      "integrity": "sha512-+G+EkOPoE5S/zChTpmBSSDYmhXJ5PsW8eMhH8cP/CQHMFPBG/kC9Y5IIw6qNYgdJ+/COf0ddY2li28iHaZRSjw=="
    },
    "tiny-emitter": {
      "version": "2.1.0",
      "resolved": "https://registry.npmjs.org/tiny-emitter/-/tiny-emitter-2.1.0.tgz",
      "integrity": "sha512-NB6Dk1A9xgQPMoGqC5CVXn123gWyte215ONT5Pp5a0yt4nlEoO1ZWeCwpncaekPHXO60i47ihFnZPiRPjRMq4Q=="
    }
  }
}
